
Microsoft Visual Studio Solution File, Format Version 12.00
# Visual Studio Version 17
VisualStudioVersion = 17.11.35312.102
MinimumVisualStudioVersion = 10.0.40219.1
Project("{FAE04EC0-301F-11D3-BF4B-00C04F79EFBC}") = "QuanLyTruongHoc", "QuanLyTruongHoc\QuanLyTruongHoc.csproj", "{6F2E2DED-9EE0-463D-A8EB-D7F3B89DB1F2}"
EndProject
Global
	GlobalSection(SolutionConfigurationPlatforms) = preSolution
		Debug|Any CPU = Debug|Any CPU
		Release|Any CPU = Release|Any CPU
	EndGlobalSection
	GlobalSection(ProjectConfigurationPlatforms) = postSolution
		{6F2E2DED-9EE0-463D-A8EB-D7F3B89DB1F2}.Debug|Any CPU.ActiveCfg = Debug|Any CPU
		{6F2E2DED-9EE0-463D-A8EB-D7F3B89DB1F2}.Debug|Any CPU.Build.0 = Debug|Any CPU
		{6F2E2DED-9EE0-463D-A8EB-D7F3B89DB1F2}.Release|Any CPU.ActiveCfg = Release|Any CPU
		{6F2E2DED-9EE0-463D-A8EB-D7F3B89DB1F2}.Release|Any CPU.Build.0 = Release|Any CPU
	EndGlobalSection
	GlobalSection(SolutionProperties) = preSolution
		HideSolutionNode = FALSE
	EndGlobalSection
	GlobalSection(ExtensibilityGlobals) = postSolution
		SolutionGuid = {E4D48A26-2994-4AF6-B0BD-001863D806B1}
	EndGlobalSection
EndGlobal
